{
    "_meta": {
        "hash": {
            "sha256": "ba708c43c17de90d2dd36bcfb1c6294c283204c0c8646b23857e0fcb1eaa84b0"
        },
        "pipfile-spec": 6,
        "requires": {
            "python_version": "3"
        },
        "sources": [
            {
                "name": "pypi",
                "url": "https://pypi.org/simple",
                "verify_ssl": true
            }
        ]
    },
    "default": {
        "cycler": {
            "hashes": [
                "sha256:1d8a5ae1ff6c5cf9b93e8811e581232ad8920aeec647c37316ceac982b08cb2d",
                "sha256:cd7b2d1018258d7247a71425e9f26463dfb444d411c39569972f4ce586b0c9d8"
            ],
            "version": "==0.10.0"
        },
        "cython": {
            "hashes": [
                "sha256:0ce8f6c789c907472c9084a44b625eba76a85d0189513de1497ab102a9d39ef8",
                "sha256:0d67964b747ac09758ba31fe25da2f66f575437df5f121ff481889a7a4485f56",
                "sha256:1630823619a87a814e5c1fa9f96544272ce4f94a037a34093fbec74989342328",
                "sha256:1a4c634bb049c8482b7a4f3121330de1f1c1f66eac3570e1e885b0c392b6a451",
                "sha256:1ec91cc09e9f9a2c3173606232adccc68f3d14be1a15a8c5dc6ab97b47b31528",
                "sha256:237a8fdd8333f7248718875d930d1e963ffa519fefeb0756d01d91cbfadab0bc",
                "sha256:28a308cbfdf9b7bb44def918ad4a26b2d25a0095fa2f123addda33a32f308d00",
                "sha256:2fe3dde34fa125abf29996580d0182c18b8a240d7fa46d10984cc28d27808731",
                "sha256:30bda294346afa78c49a343e26f3ab2ad701e09f6a6373f579593f0cfcb1235a",
                "sha256:33d27ea23e12bf0d420e40c20308c03ef192d312e187c1f72f385edd9bd6d570",
                "sha256:34d24d9370a6089cdd5afe56aa3c4af456e6400f8b4abb030491710ee765bafc",
                "sha256:4e4877c2b96fae90f26ee528a87b9347872472b71c6913715ca15c8fe86a68c9",
                "sha256:50d6f1f26702e5f2a19890c7bc3de00f9b8a0ec131b52edccd56a60d02519649",
                "sha256:55d081162191b7c11c7bfcb7c68e913827dfd5de6ecdbab1b99dab190586c1e8",
                "sha256:59d339c7f99920ff7e1d9d162ea309b35775172e4bab9553f1b968cd43b21d6d",
                "sha256:6cf4d10df9edc040c955fca708bbd65234920e44c30fccd057ecf3128efb31ad",
                "sha256:6ec362539e2a6cf2329cd9820dec64868d8f0babe0d8dc5deff6c87a84d13f68",
                "sha256:7edc61a17c14b6e54d5317b0300d2da23d94a719c466f93cafa3b666b058c43b",
                "sha256:8e37fc4db3f2c4e7e1ed98fe4fe313f1b7202df985de4ee1451d2e331332afae",
                "sha256:b8c996bde5852545507bff45af44328fa48a7b22b5bec2f43083f0b8d1024fd9",
                "sha256:bf9c16f3d46af82f89fdefc0d64b2fb02f899c20da64548a8ea336beefcf8d23",
                "sha256:c1038aba898bed34ab1b5ddb0d3f9c9ae33b0649387ab9ffe6d0af677f66bfc1",
                "sha256:d405649c1bfc42e20d86178257658a859a3217b6e6d950ee8cb76353fcea9c39",
                "sha256:db6eeb20a3bd60e1cdcf6ce9a784bc82aec6ab891c800dc5d7824d5cfbfe77f2",
                "sha256:e382f8cb40dca45c3b439359028a4b60e74e22d391dc2deb360c0b8239d6ddc0",
                "sha256:f3f6c09e2c76f2537d61f907702dd921b04d1c3972f01d5530ef1f748f22bd89",
                "sha256:f749287087f67957c020e1de26906e88b8b0c4ea588facb7349c115a63346f67",
                "sha256:f86b96e014732c0d1ded2c1f51444c80176a98c21856d0da533db4e4aef54070"
            ],
            "version": "==0.29.7"
        },
        "django": {
            "hashes": [
                "sha256:7c3543e4fb070d14e10926189a7fcf42ba919263b7473dceaefce34d54e8a119",
                "sha256:a2814bffd1f007805b19194eb0b9a331933b82bd5da1c3ba3d7b7ba16e06dc4b"
            ],
            "index": "pypi",
            "version": "==2.2"
        },
        "djangorestframework": {
            "hashes": [
                "sha256:8a435df9007c8b7d8e69a21ef06650e3c0cbe0d4b09e55dd1bd74c89a75a9fcd",
                "sha256:f7a266260d656e1cf4ca54d7a7349609dc8af4fe2590edd0ecd7d7643ea94a17"
            ],
            "index": "pypi",
            "version": "==3.9.2"
        },
        "enum34": {
            "hashes": [
                "sha256:2d81cbbe0e73112bdfe6ef8576f2238f2ba27dd0d55752a776c41d38b7da2850",
                "sha256:644837f692e5f550741432dd3f223bbb9852018674981b1664e5dc339387588a",
                "sha256:6bd0f6ad48ec2aa117d3d141940d484deccda84d4fcd884f5c3d93c23ecd8c79",
                "sha256:8ad8c4783bf61ded74527bffb48ed9b54166685e4230386a9ed9b1279e2df5b1"
            ],
            "version": "==1.1.6"
        },
        "funcsigs": {
            "hashes": [
                "sha256:330cc27ccbf7f1e992e69fef78261dc7c6569012cf397db8d3de0234e6c937ca",
                "sha256:a7bb0f2cf3a3fd1ab2732cb49eba4252c2af4240442415b4abce3b87022a8f50"
            ],
            "version": "==1.0.2"
        },
        "hopcroftkarp": {
            "hashes": [
                "sha256:43144e5bfcafa94acaa4d127fbd1e7c83ce35c65d7268ab869d4524c7cf4b8c9",
                "sha256:cc6fc7ad348bbe5c9451f8116845c46ae26290c92b2dd14690aae2d55ba5e3a6"
            ],
            "version": "==1.2.4"
        },
        "jinja2": {
            "hashes": [
                "sha256:065c4f02ebe7f7cf559e49ee5a95fb800a9e4528727aec6f24402a5374c65013",
                "sha256:14dd6caf1527abb21f08f86c784eac40853ba93edb79552aa1e4b8aef1b61c7b"
            ],
            "version": "==2.10.1"
        },
        "kiwisolver": {
            "hashes": [
                "sha256:05b5b061e09f60f56244adc885c4a7867da25ca387376b02c1efc29cc16bcd0f",
                "sha256:26f4fbd6f5e1dabff70a9ba0d2c4bd30761086454aa30dddc5b52764ee4852b7",
                "sha256:3b2378ad387f49cbb328205bda569b9f87288d6bc1bf4cd683c34523a2341efe",
                "sha256:400599c0fe58d21522cae0e8b22318e09d9729451b17ee61ba8e1e7c0346565c",
                "sha256:47b8cb81a7d18dbaf4fed6a61c3cecdb5adec7b4ac292bddb0d016d57e8507d5",
                "sha256:53eaed412477c836e1b9522c19858a8557d6e595077830146182225613b11a75",
                "sha256:58e626e1f7dfbb620d08d457325a4cdac65d1809680009f46bf41eaf74ad0187",
                "sha256:5a52e1b006bfa5be04fe4debbcdd2688432a9af4b207a3f429c74ad625022641",
                "sha256:5c7ca4e449ac9f99b3b9d4693debb1d6d237d1542dd6a56b3305fe8a9620f883",
                "sha256:682e54f0ce8f45981878756d7203fd01e188cc6c8b2c5e2cf03675390b4534d5",
                "sha256:79bfb2f0bd7cbf9ea256612c9523367e5ec51d7cd616ae20ca2c90f575d839a2",
                "sha256:7f4dd50874177d2bb060d74769210f3bce1af87a8c7cf5b37d032ebf94f0aca3",
                "sha256:8944a16020c07b682df861207b7e0efcd2f46c7488619cb55f65882279119389",
                "sha256:8aa7009437640beb2768bfd06da049bad0df85f47ff18426261acecd1cf00897",
                "sha256:939f36f21a8c571686eb491acfffa9c7f1ac345087281b412d63ea39ca14ec4a",
                "sha256:9733b7f64bd9f807832d673355f79703f81f0b3e52bfce420fc00d8cb28c6a6c",
                "sha256:a02f6c3e229d0b7220bd74600e9351e18bc0c361b05f29adae0d10599ae0e326",
                "sha256:a0c0a9f06872330d0dd31b45607197caab3c22777600e88031bfe66799e70bb0",
                "sha256:acc4df99308111585121db217681f1ce0eecb48d3a828a2f9bbf9773f4937e9e",
                "sha256:b64916959e4ae0ac78af7c3e8cef4becee0c0e9694ad477b4c6b3a536de6a544",
                "sha256:d3fcf0819dc3fea58be1fd1ca390851bdb719a549850e708ed858503ff25d995",
                "sha256:d52e3b1868a4e8fd18b5cb15055c76820df514e26aa84cc02f593d99fef6707f",
                "sha256:db1a5d3cc4ae943d674718d6c47d2d82488ddd94b93b9e12d24aabdbfe48caee",
                "sha256:e3a21a720791712ed721c7b95d433e036134de6f18c77dbe96119eaf7aa08004",
                "sha256:e8bf074363ce2babeb4764d94f8e65efd22e6a7c74860a4f05a6947afc020ff2",
                "sha256:f16814a4a96dc04bf1da7d53ee8d5b1d6decfc1a92a63349bb15d37b6a263dd9",
                "sha256:f2b22153870ca5cf2ab9c940d7bc38e8e9089fa0f7e5856ea195e1cf4ff43d5a",
                "sha256:f790f8b3dff3d53453de6a7b7ddd173d2e020fb160baff578d578065b108a05f"
            ],
            "version": "==1.1.0"
        },
        "kmapper": {
            "hashes": [
                "sha256:0879294680c5d01a928847b818a3c4e07eded3f602f96e510858e68e74fa3783",
                "sha256:d8f0cf90e5e325e2ef980e1be56c8f2e04ccb9832f9dce8d42afcf7f4ae259d5"
            ],
            "version": "==1.2.0"
        },
        "llvmlite": {
            "hashes": [
                "sha256:035d55963fc45e0074aa0e5659dd2f37c1ebaabe2f803404e4b2857a5c8b692c",
                "sha256:07ed7e38be53611dce7daa36274469dd99995b149c361efc9f509aa8569c2088",
                "sha256:0c5765dca193710ae6bb025961515126cc5ff50121f7eb9b092c422fbc889636",
                "sha256:0dc9bd9e1ec44768dae990d026f9e25467a286d534550bf7185dbb0ddde9850a",
                "sha256:1770d6b4a234cbe87f58ce32bde5d83a7890ad7f1a3cf767baae07baba0f7673",
                "sha256:28b24ab2e95f80b2c4db9f97dd21b1630c35b427e429ac13b841f190146e420d",
                "sha256:2a0703efaf5e0abce62effd200facb5c491e8452471d40866e0afe4f9698261b",
                "sha256:36c280ad6fdfa79e69853ed706a5007ad3d3b9fcc6c4217aca0610b93f25a907",
                "sha256:3e7c020931bca3afb9aaf0a768abee7e689bdede56b1c832cef17d6c3a7d86a1",
                "sha256:4039e6350b22de27576405693b2fe72e8e3f63175f1a6b7f60a97d2235f05ab8",
                "sha256:4c337e847a0f3f491361cb7cc90835b17fbe898994d175e4c8f444fbcf2dffd3",
                "sha256:4e68173ab3be4654ecdbf9238347e23005405f2f5eb6a4e9b48f6e4f0d5a0e50",
                "sha256:4f9a3bac281806fc8d0f06c339ad7f295637edcb2a13621853e024941d53bd0e",
                "sha256:5112f5f7072d3d5c4615cb9f173701a42f3883d26f17ec1b4d8a442f80caa14a",
                "sha256:51fb457dcda0df1cf07ccc89278f9408c4a10504d2d64e44a354e1cb97c96c0f",
                "sha256:55561dffb145356dc1633f3cf325c11675e2d12b23adc6c6c3b4ef268d28d50f",
                "sha256:59c6dcc8a37fee7703b444018d2c2929dce854f15c9a7db868a02ebe2f2e9302",
                "sha256:82f42b16fdea19d0b166bfe2f0b01cab13deec9cb3c47b70a20c870968d0dbe2",
                "sha256:965fd21608977899bd0b9d03b7ce20df5d884753fb50aa34c84cfe11579df7a8",
                "sha256:99bfe5d20344dce92d159f4cdaaac953a1e50b13aaeeab72c4c243bd60ce5819",
                "sha256:a189c0cd8a80e8bbd002a1e422b1efcc2bceab2cb63b961f2d03ab711c3ba45b",
                "sha256:b0decf92f8de3fa2125e7b4822d5460488cfdf0a18b81b482c4865a17e8980af",
                "sha256:ddc7c4e4dd7851f845a3e4044ab4a83a3b6c46462f002b6c8c06bdb5d4a70a9f",
                "sha256:dde4b5e4298976bd721974657ce76178176ea5e55437346b0d52503c0acb5db1",
                "sha256:e91a044a996197c67dd8f73c02ab332c6deca090e3f6152ef0849e5c03e8ca21"
            ],
            "version": "==0.28.0"
        },
        "markupsafe": {
            "hashes": [
                "sha256:00bc623926325b26bb9605ae9eae8a215691f33cae5df11ca5424f06f2d1f473",
                "sha256:09027a7803a62ca78792ad89403b1b7a73a01c8cb65909cd876f7fcebd79b161",
                "sha256:09c4b7f37d6c648cb13f9230d847adf22f8171b1ccc4d5682398e77f40309235",
                "sha256:1027c282dad077d0bae18be6794e6b6b8c91d58ed8a8d89a89d59693b9131db5",
                "sha256:24982cc2533820871eba85ba648cd53d8623687ff11cbb805be4ff7b4c971aff",
                "sha256:29872e92839765e546828bb7754a68c418d927cd064fd4708fab9fe9c8bb116b",
                "sha256:43a55c2930bbc139570ac2452adf3d70cdbb3cfe5912c71cdce1c2c6bbd9c5d1",
                "sha256:46c99d2de99945ec5cb54f23c8cd5689f6d7177305ebff350a58ce5f8de1669e",
                "sha256:500d4957e52ddc3351cabf489e79c91c17f6e0899158447047588650b5e69183",
                "sha256:535f6fc4d397c1563d08b88e485c3496cf5784e927af890fb3c3aac7f933ec66",
                "sha256:62fe6c95e3ec8a7fad637b7f3d372c15ec1caa01ab47926cfdf7a75b40e0eac1",
                "sha256:6dd73240d2af64df90aa7c4e7481e23825ea70af4b4922f8ede5b9e35f78a3b1",
                "sha256:717ba8fe3ae9cc0006d7c451f0bb265ee07739daf76355d06366154ee68d221e",
                "sha256:79855e1c5b8da654cf486b830bd42c06e8780cea587384cf6545b7d9ac013a0b",
                "sha256:7c1699dfe0cf8ff607dbdcc1e9b9af1755371f92a68f706051cc8c37d447c905",
                "sha256:88e5fcfb52ee7b911e8bb6d6aa2fd21fbecc674eadd44118a9cc3863f938e735",
                "sha256:8defac2f2ccd6805ebf65f5eeb132adcf2ab57aa11fdf4c0dd5169a004710e7d",
                "sha256:98c7086708b163d425c67c7a91bad6e466bb99d797aa64f965e9d25c12111a5e",
                "sha256:9add70b36c5666a2ed02b43b335fe19002ee5235efd4b8a89bfcf9005bebac0d",
                "sha256:9bf40443012702a1d2070043cb6291650a0841ece432556f784f004937f0f32c",
                "sha256:ade5e387d2ad0d7ebf59146cc00c8044acbd863725f887353a10df825fc8ae21",
                "sha256:b00c1de48212e4cc9603895652c5c410df699856a2853135b3967591e4beebc2",
                "sha256:b1282f8c00509d99fef04d8ba936b156d419be841854fe901d8ae224c59f0be5",
                "sha256:b2051432115498d3562c084a49bba65d97cf251f5a331c64a12ee7e04dacc51b",
                "sha256:ba59edeaa2fc6114428f1637ffff42da1e311e29382d81b339c1817d37ec93c6",
                "sha256:c8716a48d94b06bb3b2524c2b77e055fb313aeb4ea620c8dd03a105574ba704f",
                "sha256:cd5df75523866410809ca100dc9681e301e3c27567cf498077e8551b6d20e42f",
                "sha256:e249096428b3ae81b08327a63a485ad0878de3fb939049038579ac0ef61e17e7"
            ],
            "version": "==1.1.1"
        },
        "matplotlib": {
            "hashes": [
                "sha256:1ae6549976b6ceb6ee426272a28c0fc9715b3e3669694d560c8f661c5b39e2c5",
                "sha256:4d4250bf508dd07cca3b43888097f873cadb66eec6ac63dbbfb798798ec07af2",
                "sha256:53af2e01d7f1700ed2b64a9091bc865360c9c4032f625451c4589a826854c787",
                "sha256:63e498067d32d627111cd1162cae1621f1221f9d4c6a9745dd7233f29de581b6",
                "sha256:7169a34971e398dd58e87e173f97366fd88a3fa80852704530433eb224a8ca57",
                "sha256:91c54d6bb9eeaaff965656c5ea6cbdcbf780bad8462ac99b30b451548194746f",
                "sha256:aeef177647bb3fccfe09065481989d7dfc5ac59e9367d6a00a3481062cf651e4",
                "sha256:cf8ae10559a78aee0409ede1e9d4fda03895433eeafe609dd9ed67e45f552db0",
                "sha256:d51d0889d1c4d51c51a9822265c0494ea3e70a52bdd88358e0863daca46fa23a",
                "sha256:de5ccd3500247f85fe4f9fad90f80a8bd397e4f110a4c33fabf95f07403e8372",
                "sha256:e1d33589e32f482d0a7d1957bf473d43341115d40d33f578dad44432e47df7b7",
                "sha256:e8d1939262aa6b36d0c51f50a50a43a04b9618d20db31e6c0192b1463067aeef",
                "sha256:e918d51b1fda82a65fdf52d2f3914b2246481cc2a9cd10e223e6be6078916ff3"
            ],
            "index": "pypi",
            "version": "==3.0.3"
        },
        "music21": {
            "hashes": [
                "sha256:10140b3b4e48671cfef98e5bbbb415770f6434c6caf9dbd29f00f40aec8402fe"
            ],
            "index": "pypi",
            "version": "==5.5.0"
        },
        "numba": {
            "hashes": [
                "sha256:26ae60dc9b725ff32ea755e99014c6aecd86d28378fa0200bb295e5c3c9c42a5",
                "sha256:34e47e1d9fc2212a60cd09d55cf68e55ea66d23cb97d670ddee0e0c762f8813e",
                "sha256:39459756aa18f7bceb7d9218e43158208840735e3c144b7d3f98ffaeec45e813",
                "sha256:3bc984fc48e4e968000633bfc9ce1678f5225835ef26edb72acecc808762054d",
                "sha256:4ea075d5085e1de558084019b9dc8edddd5af25c5c94dccf6d726e13a3e74065",
                "sha256:56d17b41219f8225013adfdb849fbfcc9f5ce2eae2d0b4aff7657c1c06be2c54",
                "sha256:581b0dd765a1760035fec0ea7b46a8197b0c83aef861f39ced80fdc448f95eca",
                "sha256:5ee873d08fbd8b300a6adcf533cbae5a4331214fffe13c2cd2f9b4f4f7d894f3",
                "sha256:8474ca7cdb688bc57d11641ecd03e752c8bd093a079c9b409ea94c311bdbb4e1",
                "sha256:870610f310a5338b3ca3d391a6abdf4fe3f4e5130d836fae991a95c233ab7b4e",
                "sha256:878dc5da34a9a2390e213290bf15b490fffdab5405afaeb138cf836515fad026",
                "sha256:8c62cd40cd3b080862af68c3e233dafc6aac2e9263d0b328dcc8d82a31f5ac56",
                "sha256:9708df9f05fa0478ab09ce08ab6fef673bd8e15de6d638ca2174202ac7d5a579",
                "sha256:9f63e93377fa40bada25ae02d4e79a206c223c02a794ff9c780ed3a4a403d197",
                "sha256:a7b42d9055da747c1b4cab9747fe5c98dcdbff30884dd003449adfa30d23ba64",
                "sha256:ae3e1c42feda71add88ceee4461ed6804ddb90c352ca09c3958db90689be457b",
                "sha256:c026991084928aebffb0590ccce611a71d08cd8ba8fea690c6ec6b3552b7d9d9",
                "sha256:c5773cae81259b5b834ced7537ee2d625fac29795de5d24e9b751418f53abc91",
                "sha256:c9b5069a9e4e5daf297803697a5819c193e42afa3cfd66bded6f28134adf7330",
                "sha256:ce7669937744a55300336a665e9a3b758601c810a2e9ed0c5d1b619072bff1ea",
                "sha256:d2c48b0f10b09f84f0b1494f408b46d8be45db9b868d9bf312f1c0251de92c45",
                "sha256:d2c8c0327ef365540bf36f1c860af1c7b2f86866738f36264be152b3a54ef888",
                "sha256:e3f19b3cb9fa6a0479a56e0da13e59c8e06fe8392cce5eaa85c7f159ae4570c0",
                "sha256:e7789d473f332a17e40166d2960826d821edd75d148b4ed340a893a334b46fae",
                "sha256:f5f908bf358e2f6d4015a04998da86136f6933f3c0a35eb35c59641475c6cdba"
            ],
            "version": "==0.43.1"
        },
        "numpy": {
            "hashes": [
                "sha256:0e2eed77804b2a6a88741f8fcac02c5499bba3953ec9c71e8b217fad4912c56c",
                "sha256:1c666f04553ef70fda54adf097dbae7080645435fc273e2397f26bbf1d127bbb",
                "sha256:1f46532afa7b2903bfb1b79becca2954c0a04389d19e03dc73f06b039048ac40",
                "sha256:315fa1b1dfc16ae0f03f8fd1c55f23fd15368710f641d570236f3d78af55e340",
                "sha256:3d5fcea4f5ed40c3280791d54da3ad2ecf896f4c87c877b113576b8280c59441",
                "sha256:48241759b99d60aba63b0e590332c600fc4b46ad597c9b0a53f350b871ef0634",
                "sha256:4b4f2924b36d857cf302aec369caac61e43500c17eeef0d7baacad1084c0ee84",
                "sha256:54fe3b7ed9e7eb928bbc4318f954d133851865f062fa4bbb02ef8940bc67b5d2",
                "sha256:5a8f021c70e6206c317974c93eaaf9bc2b56295b6b1cacccf88846e44a1f33fc",
                "sha256:754a6be26d938e6ca91942804eb209307b73f806a1721176278a6038869a1686",
                "sha256:771147e654e8b95eea1293174a94f34e2e77d5729ad44aefb62fbf8a79747a15",
                "sha256:78a6f89da87eeb48014ec652a65c4ffde370c036d780a995edaeb121d3625621",
                "sha256:7fde5c2a3a682a9e101e61d97696687ebdba47637611378b4127fe7e47fdf2bf",
                "sha256:80d99399c97f646e873dd8ce87c38cfdbb668956bbc39bc1e6cac4b515bba2a0",
                "sha256:88a72c1e45a0ae24d1f249a529d9f71fe82e6fa6a3fd61414b829396ec585900",
                "sha256:a4f4460877a16ac73302a9c077ca545498d9fe64e6a81398d8e1a67e4695e3df",
                "sha256:a61255a765b3ac73ee4b110b28fccfbf758c985677f526c2b4b39c48cc4b509d",
                "sha256:ab4896a8c910b9a04c0142871d8800c76c8a2e5ff44763513e1dd9d9631ce897",
                "sha256:abbd6b1c2ef6199f4b7ca9f818eb6b31f17b73a6110aadc4e4298c3f00fab24e",
                "sha256:b16d88da290334e33ea992c56492326ea3b06233a00a1855414360b77ca72f26",
                "sha256:b78a1defedb0e8f6ae1eb55fa6ac74ab42acc4569c3a2eacc2a407ee5d42ebcb",
                "sha256:cfef82c43b8b29ca436560d51b2251d5117818a8d1fb74a8384a83c096745dad",
                "sha256:d160e57731fcdec2beda807ebcabf39823c47e9409485b5a3a1db3a8c6ce763e"
            ],
            "index": "pypi",
            "version": "==1.16.3"
        },
        "persim": {
            "hashes": [
                "sha256:07b14bd7e17b187c760297954b55788396b6be31e1e9ead35e3d73ebfa488771",
                "sha256:3aa7e58d73b3916f4b1811aeb105b42956f08550a7a2f423b8b4be0c19acf4b2"
            ],
            "version": "==0.0.8"
        },
        "pillow": {
            "hashes": [
                "sha256:15c056bfa284c30a7f265a41ac4cbbc93bdbfc0dfe0613b9cb8a8581b51a9e55",
                "sha256:1a4e06ba4f74494ea0c58c24de2bb752818e9d504474ec95b0aa94f6b0a7e479",
                "sha256:1c3c707c76be43c9e99cb7e3d5f1bee1c8e5be8b8a2a5eeee665efbf8ddde91a",
                "sha256:1fd0b290203e3b0882d9605d807b03c0f47e3440f97824586c173eca0aadd99d",
                "sha256:24114e4a6e1870c5a24b1da8f60d0ba77a0b4027907860188ea82bd3508c80eb",
                "sha256:258d886a49b6b058cd7abb0ab4b2b85ce78669a857398e83e8b8e28b317b5abb",
                "sha256:33c79b6dd6bc7f65079ab9ca5bebffb5f5d1141c689c9c6a7855776d1b09b7e8",
                "sha256:367385fc797b2c31564c427430c7a8630db1a00bd040555dfc1d5c52e39fcd72",
                "sha256:3c1884ff078fb8bf5f63d7d86921838b82ed4a7d0c027add773c2f38b3168754",
                "sha256:44e5240e8f4f8861d748f2a58b3f04daadab5e22bfec896bf5434745f788f33f",
                "sha256:46aa988e15f3ea72dddd81afe3839437b755fffddb5e173886f11460be909dce",
                "sha256:74d90d499c9c736d52dd6d9b7221af5665b9c04f1767e35f5dd8694324bd4601",
                "sha256:809c0a2ce9032cbcd7b5313f71af4bdc5c8c771cb86eb7559afd954cab82ebb5",
                "sha256:85d1ef2cdafd5507c4221d201aaf62fc9276f8b0f71bd3933363e62a33abc734",
                "sha256:8c3889c7681af77ecfa4431cd42a2885d093ecb811e81fbe5e203abc07e0995b",
                "sha256:9218d81b9fca98d2c47d35d688a0cea0c42fd473159dfd5612dcb0483c63e40b",
                "sha256:9aa4f3827992288edd37c9df345783a69ef58bd20cc02e64b36e44bcd157bbf1",
                "sha256:9d80f44137a70b6f84c750d11019a3419f409c944526a95219bea0ac31f4dd91",
                "sha256:b7ebd36128a2fe93991293f997e44be9286503c7530ace6a55b938b20be288d8",
                "sha256:c4c78e2c71c257c136cdd43869fd3d5e34fc2162dc22e4a5406b0ebe86958239",
                "sha256:c6a842537f887be1fe115d8abb5daa9bc8cc124e455ff995830cc785624a97af",
                "sha256:cf0a2e040fdf5a6d95f4c286c6ef1df6b36c218b528c8a9158ec2452a804b9b8",
                "sha256:cfd28aad6fc61f7a5d4ee556a997dc6e5555d9381d1390c00ecaf984d57e4232",
                "sha256:dca5660e25932771460d4688ccbb515677caaf8595f3f3240ec16c117deff89a",
                "sha256:de7aedc85918c2f887886442e50f52c1b93545606317956d65f342bd81cb4fc3",
                "sha256:e6c0bbf8e277b74196e3140c35f9a1ae3eafd818f7f2d3a15819c49135d6c062"
            ],
            "version": "==6.0.0"
        },
        "pyparsing": {
            "hashes": [
                "sha256:1873c03321fc118f4e9746baf201ff990ceb915f433f23b395f5580d1840cb2a",
                "sha256:9b6323ef4ab914af344ba97510e966d64ba91055d6b9afa6b30799340e89cc03"
            ],
            "version": "==2.4.0"
        },
        "python-dateutil": {
            "hashes": [
                "sha256:7e6584c74aeed623791615e26efd690f29817a27c73085b78e4bad02493df2fb",
                "sha256:c89805f6f4d64db21ed966fda138f8a5ed7a4fdbc1a8ee329ce1b74e3c74da9e"
            ],
            "version": "==2.8.0"
        },
        "pytz": {
            "hashes": [
                "sha256:303879e36b721603cc54604edcac9d20401bdbe31e1e4fdee5b9f98d5d31dfda",
                "sha256:d747dd3d23d77ef44c6a3526e274af6efeb0a6f1afd5a69ba4d5be4098c8e141"
            ],
            "version": "==2019.1"
        },
        "ripser": {
            "hashes": [
                "sha256:671b1885cae403fead3ba60fb1e273522df9036a8b7fa4c9fcb3e845e7ba7310",
                "sha256:ff9f50fba911f0e9212077b78014f83e30c97526194dd6bd1df3d81896e6cb58"
            ],
            "version": "==0.3.2"
        },
        "scikit-learn": {
            "hashes": [
                "sha256:018f470a7e685767d84ce6fac87af59e064e87ec3cea71eaf12646f9538e293d",
                "sha256:0ae00d570331b8a5c552f721167818b4739a5c855fbc76b11231ccdea2dd26ab",
                "sha256:13079520dd8211967d1871e439b59818d335439672818e9683847091d0e07778",
                "sha256:1c133749a526b33af2b6695d94d2cc43ba212c5aa7bd3a45619335556ced7637",
                "sha256:382e7053567b7b11e862782e3de2940e2141be24e6262aa0b4a9cb7fdd61f85a",
                "sha256:384df81fdba12d21063072f2cf472a7a8425a3d4fa3915faef0a88e94e07b332",
                "sha256:4705073de7bbcc6b9cd2f24dc9189aa8d3935e8621d3e65546c4b7fee9a042bf",
                "sha256:4f829d6c09b997e1d0a998f970cf3ff82cd6796d56148c63c29174367878d490",
                "sha256:51a933224b1b11986d4c7c123e5b28eb69602899d0179e6888b7abf2ffc85265",
                "sha256:63ad98c6512b52aebde9bd806ec1127e13e2a8d42a00ebdf805153819f7c2cad",
                "sha256:67e15514c9df4c5354b3ecc89451f5baa0f1b62c7ed68f4d20febf9c9d9e17a6",
                "sha256:75f0e0e93851b30639baabfc1a4433aabc57eef269d55ee4c6f649fb60686218",
                "sha256:89609708e819342dd5c94617fd53a36187d7d6a80435ddb282f6a60b058dbe77",
                "sha256:8ca274d4e91685e4547af718b6f1e9a9d4912c7a6dcb0c68925de84f81a09d2a",
                "sha256:9987f3d31efc427ebf9926f703e5171552cfb3b6935f880e4f0d3a17b7f91540",
                "sha256:9f3e08dbd3f2f574913faba9b48d3c24a43fcc0eb14a0e962431005434b9cfe6",
                "sha256:a7a403bcea250cac37971058fca0c30b0144737a375f99d3855e5e7a34c43348",
                "sha256:ad7e4e823db1271d344e0c3ce0988b2e0fecc49079eec9c818d866c38b2824bd",
                "sha256:b1e9037a582e650d866324a50d2741724ea5f6c175200bef0b549d014898035a",
                "sha256:b82fbd8843ead2640158b2c0946d354b66f3d49472e6790d70c4ceec35663b3f",
                "sha256:b91c82bfd25145d428de99429de97d7a1c2c2658c212689fe2839b29a5251159",
                "sha256:ba57b73ec7074f60bb85f953296df437784d560553d0cc04b253c43f1846ccad",
                "sha256:c503802a81de18b8b4d40d069f5e363795ee44b1605f38bc104160ca3bfe2c41",
                "sha256:d30e8e0dffbc299533f47044fec26c5087473cb29cf51f1995986ac8354c7b4c",
                "sha256:d89b810bfb0e16a0de7f18773849bdf83dd7fd0614ae5225e5a9214cdb9be245",
                "sha256:e22e1d47def2944ad7a12c09452de085587ec5baad2174683e56a42b6918a76f",
                "sha256:f650ddc023c95681fccd5e297820f35de039e008265040c08188be95b3275a0f",
                "sha256:f7d4b3885ad1a7a6f07719ab6b1790d9892d6d41d973e8d4543a93bb15226fb4"
            ],
            "index": "pypi",
            "version": "==0.20.3"
        },
        "scikit-tda": {
            "hashes": [
                "sha256:20b0a38c7e18925caedace0db45cf4d0150afe01e1bd2dde7342108c4d4bbc33",
                "sha256:58363bb2319d127fcbf44d0176e50189644bef77b9eed215ffde7b856714f2e1"
            ],
            "index": "pypi",
            "version": "==0.0.3"
        },
        "scipy": {
            "hashes": [
                "sha256:014cb900c003b5ac81a53f2403294e8ecf37aedc315b59a6b9370dce0aa7627a",
                "sha256:281a34da34a5e0de42d26aed692ab710141cad9d5d218b20643a9cb538ace976",
                "sha256:588f9cc4bfab04c45fbd19c1354b5ade377a8124d6151d511c83730a9b6b2338",
                "sha256:5a10661accd36b6e2e8855addcf3d675d6222006a15795420a39c040362def66",
                "sha256:628f60be272512ca1123524969649a8cb5ae8b31cca349f7c6f8903daf9034d7",
                "sha256:6dcc43a88e25b815c2dea1c6fac7339779fc988f5df8396e1de01610604a7c38",
                "sha256:70e37cec0ac0fe95c85b74ca4e0620169590fd5d3f44765f3c3a532cedb0e5fd",
                "sha256:7274735fb6fb5d67d3789ddec2cd53ed6362539b41aa6cc0d33a06c003aaa390",
                "sha256:78e12972e144da47326958ac40c2bd1c1cca908edc8b01c26a36f9ffd3dce466",
                "sha256:790cbd3c8d09f3a6d9c47c4558841e25bac34eb7a0864a9def8f26be0b8706af",
                "sha256:79792c8fe8e9d06ebc50fe23266522c8c89f20aa94ac8e80472917ecdce1e5ba",
                "sha256:865afedf35aaef6df6344bee0de391ee5e99d6e802950a237f9fb9b13e441f91",
                "sha256:870fd401ec7b64a895cff8e206ee16569158db00254b2f7157b4c9a5db72c722",
                "sha256:963815c226b29b0176d5e3d37fc9de46e2778ce4636a5a7af11a48122ef2577c",
                "sha256:9726791484f08e394af0b59eb80489ad94d0a53bbb58ab1837dcad4d58489863",
                "sha256:9de84a71bb7979aa8c089c4fb0ea0e2ed3917df3fb2a287a41aaea54bbad7f5d",
                "sha256:b2c324ddc5d6dbd3f13680ad16a29425841876a84a1de23a984236d1afff4fa6",
                "sha256:b86ae13c597fca087cb8c193870507c8916cefb21e52e1897da320b5a35075e5",
                "sha256:ba0488d4dbba2af5bf9596b849873102d612e49a118c512d9d302ceafa36e01a",
                "sha256:d78702af4102a3a4e23bb7372cec283e78f32f5573d92091aa6aaba870370fe1",
                "sha256:def0e5d681dd3eb562b059d355ae8bebe27f5cc455ab7c2b6655586b63d3a8ea",
                "sha256:e085d1babcb419bbe58e2e805ac61924dac4ca45a07c9fa081144739e500aa3c",
                "sha256:e2cfcbab37c082a5087aba5ff00209999053260441caadd4f0e8f4c2d6b72088",
                "sha256:e742f1f5dcaf222e8471c37ee3d1fd561568a16bb52e031c25674ff1cf9702d5",
                "sha256:f06819b028b8ef9010281e74c59cb35483933583043091ed6b261bb1540f11cc",
                "sha256:f15f2d60a11c306de7700ee9f65df7e9e463848dbea9c8051e293b704038da60",
                "sha256:f31338ee269d201abe76083a990905473987371ff6f3fdb76a3f9073a361cf37",
                "sha256:f6b88c8d302c3dac8dff7766955e38d670c82e0d79edfc7eae47d6bb2c186594"
            ],
            "index": "pypi",
            "version": "==1.2.1"
        },
        "singledispatch": {
            "hashes": [
                "sha256:5b06af87df13818d14f08a028e42f566640aef80805c3b50c5056b086e3c2b9c",
                "sha256:833b46966687b3de7f438c761ac475213e53b306740f1abfaa86e1d1aae56aa8"
            ],
            "version": "==3.4.0.3"
        },
        "six": {
            "hashes": [
                "sha256:3350809f0555b11f552448330d0b52d5f24c91a322ea4a15ef22629740f3761c",
                "sha256:d16a0141ec1a18405cd4ce8b4613101da75da0e9a7aec5bdd4fa804d0e0eba73"
            ],
            "version": "==1.12.0"
        },
        "sqlparse": {
            "hashes": [
                "sha256:40afe6b8d4b1117e7dff5504d7a8ce07d9a1b15aeeade8a2d10f130a834f8177",
                "sha256:7c3dca29c022744e95b547e867cee89f4fce4373f3549ccd8797d8eb52cdb873"
            ],
            "version": "==0.3.0"
        },
        "tadasets": {
            "hashes": [
                "sha256:a0e6c14678750315febd97fcf334bbbfd2695ebd91b4fe7707bb1220d7348416",
                "sha256:fd19848f39976982d1a263929fdc8785eb8ace0de642efd49491db074dea951b"
            ],
            "version": "==0.0.4"
        },
        "umap-learn": {
            "hashes": [
                "sha256:f688060bce5495c06cb3e52df0982a63bb7b7755393b9f30e08e0c1791520d15"
            ],
            "version": "==0.3.8"
        }
    },
    "develop": {
        "mypy": {
            "hashes": [
                "sha256:2afe51527b1f6cdc4a5f34fc90473109b22bf7f21086ba3e9451857cf11489e6",
                "sha256:56a16df3e0abb145d8accd5dbb70eba6c4bd26e2f89042b491faa78c9635d1e2",
                "sha256:5764f10d27b2e93c84f70af5778941b8f4aa1379b2430f85c827e0f5464e8714",
                "sha256:5bbc86374f04a3aa817622f98e40375ccb28c4836f36b66706cf3c6ccce86eda",
                "sha256:6a9343089f6377e71e20ca734cd8e7ac25d36478a9df580efabfe9059819bf82",
                "sha256:6c9851bc4a23dc1d854d3f5dfd5f20a016f8da86bcdbb42687879bb5f86434b0",
                "sha256:b8e85956af3fcf043d6f87c91cbe8705073fc67029ba6e22d3468bfee42c4823",
                "sha256:b9a0af8fae490306bc112229000aa0c2ccc837b49d29a5c42e088c132a2334dd",
                "sha256:bbf643528e2a55df2c1587008d6e3bda5c0445f1240dfa85129af22ae16d7a9a",
                "sha256:c46ab3438bd21511db0f2c612d89d8344154c0c9494afc7fbc932de514cf8d15",
                "sha256:f7a83d6bd805855ef83ec605eb01ab4fa42bcef254b13631e451cbb44914a9b0"
            ],
            "index": "pypi",
            "version": "==0.701"
        },
        "mypy-extensions": {
            "hashes": [
                "sha256:37e0e956f41369209a3d5f34580150bcacfabaa57b33a15c0b25f4b5725e0812",
                "sha256:b16cabe759f55e3409a7d231ebd2841378fb0c27a5d1994719e340e4f429ac3e"
            ],
            "version": "==0.4.1"
        },
        "typed-ast": {
            "hashes": [
                "sha256:132eae51d6ef3ff4a8c47c393a4ef5ebf0d1aecc96880eb5d6c8ceab7017cc9b",
                "sha256:18141c1484ab8784006c839be8b985cfc82a2e9725837b0ecfa0203f71c4e39d",
                "sha256:2baf617f5bbbfe73fd8846463f5aeafc912b5ee247f410700245d68525ec584a",
                "sha256:3d90063f2cbbe39177e9b4d888e45777012652d6110156845b828908c51ae462",
                "sha256:4304b2218b842d610aa1a1d87e1dc9559597969acc62ce717ee4dfeaa44d7eee",
                "sha256:4983ede548ffc3541bae49a82675996497348e55bafd1554dc4e4a5d6eda541a",
                "sha256:5315f4509c1476718a4825f45a203b82d7fdf2a6f5f0c8f166435975b1c9f7d4",
                "sha256:6cdfb1b49d5345f7c2b90d638822d16ba62dc82f7616e9b4caa10b72f3f16649",
                "sha256:7b325f12635598c604690efd7a0197d0b94b7d7778498e76e0710cd582fd1c7a",
                "sha256:8d3b0e3b8626615826f9a626548057c5275a9733512b137984a68ba1598d3d2f",
                "sha256:8f8631160c79f53081bd23446525db0bc4c5616f78d04021e6e434b286493fd7",
                "sha256:912de10965f3dc89da23936f1cc4ed60764f712e5fa603a09dd904f88c996760",
                "sha256:b010c07b975fe853c65d7bbe9d4ac62f1c69086750a574f6292597763781ba18",
                "sha256:c908c10505904c48081a5415a1e295d8403e353e0c14c42b6d67f8f97fae6616",
                "sha256:c94dd3807c0c0610f7c76f078119f4ea48235a953512752b9175f9f98f5ae2bd",
                "sha256:ce65dee7594a84c466e79d7fb7d3303e7295d16a83c22c7c4037071b059e2c21",
                "sha256:eaa9cfcb221a8a4c2889be6f93da141ac777eb8819f077e1d09fb12d00a09a93",
                "sha256:f3376bc31bad66d46d44b4e6522c5c21976bf9bca4ef5987bb2bf727f4506cbb",
                "sha256:f9202fa138544e13a4ec1a6792c35834250a85958fde1251b6a22e07d1260ae7"
            ],
            "version": "==1.3.5"
        }
    }
}
